
Microsoft Visual Studio Solution File, Format Version 12.00
# Visual Studio Version 16
VisualStudioVersion = 16.0.30011.22
MinimumVisualStudioVersion = 10.0.40219.1
Project("{9A19103F-16F7-4668-BE54-9A1E7A4F7556}") = "webapp-project", "webapp\webapp-project.csproj", "{ADEB48D5-6336-4973-AF9C-4545D7418C18}"
EndProject
Global
	GlobalSection(SolutionConfigurationPlatforms) = preSolution
		Debug|Any CPU = Debug|Any CPU
		Release|Any CPU = Release|Any CPU
	EndGlobalSection
	GlobalSection(ProjectConfigurationPlatforms) = postSolution
		{ADEB48D5-6336-4973-AF9C-4545D7418C18}.Debug|Any CPU.ActiveCfg = Debug|Any CPU
		{ADEB48D5-6336-4973-AF9C-4545D7418C18}.Debug|Any CPU.Build.0 = Debug|Any CPU
		{ADEB48D5-6336-4973-AF9C-4545D7418C18}.Release|Any CPU.ActiveCfg = Release|Any CPU
		{ADEB48D5-6336-4973-AF9C-4545D7418C18}.Release|Any CPU.Build.0 = Release|Any CPU
	EndGlobalSection
	GlobalSection(SolutionProperties) = preSolution
		HideSolutionNode = FALSE
	EndGlobalSection
	GlobalSection(ExtensibilityGlobals) = postSolution
		SolutionGuid = {CD07DB8F-CAD4-4B5D-8F1A-798846F23CE7}
	EndGlobalSection
EndGlobal
