{
  "version": 4,
  "terraform_version": "1.0.8",
  "serial": 3,
  "lineage": "bc2525ad-69ed-8932-b304-868dfa30efd7",
  "outputs": {},
  "resources": [
    {
      "mode": "managed",
      "type": "azurerm_resource_group",
      "name": "grp",
      "provider": "provider[\"registry.terraform.io/hashicorp/azurerm\"]",
      "instances": [
        {
          "schema_version": 0,
          "attributes": {
            "id": "/subscriptions/f872faed-4f62-4087-b45b-2ce087af0f62/resourceGroups/terraform_grp",
            "location": "brazilsouth",
            "name": "terraform_grp",
            "tags": null,
            "timeouts": null
          },
          "sensitive_attributes": [],
          "private": "eyJlMmJmYjczMC1lY2FhLTExZTYtOGY4OC0zNDM2M2JjN2M0YzAiOnsiY3JlYXRlIjo1NDAwMDAwMDAwMDAwLCJkZWxldGUiOjU0MDAwMDAwMDAwMDAsInJlYWQiOjMwMDAwMDAwMDAwMCwidXBkYXRlIjo1NDAwMDAwMDAwMDAwfX0="
        }
      ]
    },
    {
      "mode": "managed",
      "type": "azurerm_storage_account",
      "name": "store",
      "provider": "provider[\"registry.terraform.io/hashicorp/azurerm\"]",
      "instances": [
        {
          "status": "tainted",
          "schema_version": 2,
          "attributes": {
            "access_tier": "Hot",
            "account_kind": "StorageV2",
            "account_replication_type": "LRS",
            "account_tier": "Standard",
            "blob_properties": [],
            "custom_domain": [],
            "enable_https_traffic_only": true,
            "id": "/subscriptions/f872faed-4f62-4087-b45b-2ce087af0f62/resourceGroups/terraform_grp/providers/Microsoft.Storage/storageAccounts/appstore123456",
            "identity": [],
            "is_hns_enabled": false,
            "location": "brazilsouth",
            "name": "appstore123456",
            "network_rules": [
              {
                "bypass": [
                  "AzureServices"
                ],
                "default_action": "Allow",
                "ip_rules": [],
                "virtual_network_subnet_ids": []
              }
            ],
            "primary_access_key": "Z9q9qWzCfeLpQ0jCUh5xdj4UQEXxTe1aP9PsVny3TeWIxv/tqmQi4lRGRq8LoCSx17HUr3SPWz5HflHKIk9Y8A==",
            "primary_blob_connection_string": "DefaultEndpointsProtocol=https;BlobEndpoint=https://appstore123456.blob.core.windows.net/;AccountName=appstore123456;AccountKey=Z9q9qWzCfeLpQ0jCUh5xdj4UQEXxTe1aP9PsVny3TeWIxv/tqmQi4lRGRq8LoCSx17HUr3SPWz5HflHKIk9Y8A==",
            "primary_blob_endpoint": "https://appstore123456.blob.core.windows.net/",
            "primary_blob_host": "appstore123456.blob.core.windows.net",
            "primary_connection_string": "DefaultEndpointsProtocol=https;AccountName=appstore123456;AccountKey=Z9q9qWzCfeLpQ0jCUh5xdj4UQEXxTe1aP9PsVny3TeWIxv/tqmQi4lRGRq8LoCSx17HUr3SPWz5HflHKIk9Y8A==;EndpointSuffix=core.windows.net",
            "primary_dfs_endpoint": "https://appstore123456.dfs.core.windows.net/",
            "primary_dfs_host": "appstore123456.dfs.core.windows.net",
            "primary_file_endpoint": "https://appstore123456.file.core.windows.net/",
            "primary_file_host": "appstore123456.file.core.windows.net",
            "primary_location": "brazilsouth",
            "primary_queue_endpoint": "https://appstore123456.queue.core.windows.net/",
            "primary_queue_host": "appstore123456.queue.core.windows.net",
            "primary_table_endpoint": "https://appstore123456.table.core.windows.net/",
            "primary_table_host": "appstore123456.table.core.windows.net",
            "primary_web_endpoint": "https://appstore123456.z15.web.core.windows.net/",
            "primary_web_host": "appstore123456.z15.web.core.windows.net",
            "queue_properties": [
              {
                "cors_rule": [],
                "hour_metrics": [
                  {
                    "enabled": true,
                    "include_apis": true,
                    "retention_policy_days": 7,
                    "version": "1.0"
                  }
                ],
                "logging": [
                  {
                    "delete": false,
                    "read": false,
                    "retention_policy_days": 0,
                    "version": "1.0",
                    "write": false
                  }
                ],
                "minute_metrics": [
                  {
                    "enabled": false,
                    "include_apis": false,
                    "retention_policy_days": 0,
                    "version": "1.0"
                  }
                ]
              }
            ],
            "resource_group_name": "terraform_grp",
            "secondary_access_key": "xITVyYeINLVhsdf7G3UuhIoM5sYeC2XYXmZkw/SN69UJb0axB1XSnKbw99pUQVxtmifV8WfXRlmOhIBY5yCGYw==",
            "secondary_blob_connection_string": "",
            "secondary_blob_endpoint": null,
            "secondary_blob_host": null,
            "secondary_connection_string": "DefaultEndpointsProtocol=https;AccountName=appstore123456;AccountKey=xITVyYeINLVhsdf7G3UuhIoM5sYeC2XYXmZkw/SN69UJb0axB1XSnKbw99pUQVxtmifV8WfXRlmOhIBY5yCGYw==;EndpointSuffix=core.windows.net",
            "secondary_dfs_endpoint": null,
            "secondary_dfs_host": null,
            "secondary_file_endpoint": null,
            "secondary_file_host": null,
            "secondary_location": "",
            "secondary_queue_endpoint": null,
            "secondary_queue_host": null,
            "secondary_table_endpoint": null,
            "secondary_table_host": null,
            "secondary_web_endpoint": null,
            "secondary_web_host": null,
            "static_website": [],
            "tags": null,
            "timeouts": null
          },
          "sensitive_attributes": [],
          "private": "eyJlMmJmYjczMC1lY2FhLTExZTYtOGY4OC0zNDM2M2JjN2M0YzAiOnsiY3JlYXRlIjozNjAwMDAwMDAwMDAwLCJkZWxldGUiOjM2MDAwMDAwMDAwMDAsInJlYWQiOjMwMDAwMDAwMDAwMCwidXBkYXRlIjozNjAwMDAwMDAwMDAwfSwic2NoZW1hX3ZlcnNpb24iOiIyIn0=",
          "dependencies": [
            "azurerm_resource_group.grp"
          ]
        }
      ]
    }
  ]
}
