
Microsoft Visual Studio Solution File, Format Version 12.00
# Visual Studio Version 16
VisualStudioVersion = 16.0.30011.22
MinimumVisualStudioVersion = 10.0.40219.1
Project("{FAE04EC0-301F-11D3-BF4B-00C04F79EFBC}") = "testing", "testing\testing.csproj", "{247836C5-A436-43F3-AD6F-90FD1AE81D05}"
EndProject
Project("{FAE04EC0-301F-11D3-BF4B-00C04F79EFBC}") = "UnitTest", "UnitTest\UnitTest.csproj", "{F27C4F25-EF1C-4417-823B-E71CD1B85B9B}"
EndProject
Global
	GlobalSection(SolutionConfigurationPlatforms) = preSolution
		Debug|Any CPU = Debug|Any CPU
		Release|Any CPU = Release|Any CPU
	EndGlobalSection
	GlobalSection(ProjectConfigurationPlatforms) = postSolution
		{247836C5-A436-43F3-AD6F-90FD1AE81D05}.Debug|Any CPU.ActiveCfg = Debug|Any CPU
		{247836C5-A436-43F3-AD6F-90FD1AE81D05}.Debug|Any CPU.Build.0 = Debug|Any CPU
		{247836C5-A436-43F3-AD6F-90FD1AE81D05}.Release|Any CPU.ActiveCfg = Release|Any CPU
		{247836C5-A436-43F3-AD6F-90FD1AE81D05}.Release|Any CPU.Build.0 = Release|Any CPU
		{F27C4F25-EF1C-4417-823B-E71CD1B85B9B}.Debug|Any CPU.ActiveCfg = Debug|Any CPU
		{F27C4F25-EF1C-4417-823B-E71CD1B85B9B}.Debug|Any CPU.Build.0 = Debug|Any CPU
		{F27C4F25-EF1C-4417-823B-E71CD1B85B9B}.Release|Any CPU.ActiveCfg = Release|Any CPU
		{F27C4F25-EF1C-4417-823B-E71CD1B85B9B}.Release|Any CPU.Build.0 = Release|Any CPU
	EndGlobalSection
	GlobalSection(SolutionProperties) = preSolution
		HideSolutionNode = FALSE
	EndGlobalSection
	GlobalSection(ExtensibilityGlobals) = postSolution
		SolutionGuid = {E04E0C4A-4477-4CE8-B058-046D6A0FE7AB}
	EndGlobalSection
EndGlobal
